// !$*UTF8*$!
{
	archiveVersion = 1;
	classes = {
	};
	objectVersion = 48;
	objects = {

/* Begin PBXBuildFile section */
		090302EB20FECC8C004EEFCF /* PlayerDetailsView.xib in Resources */ = {isa = PBXBuildFile; fileRef = 090302EA20FECC8C004EEFCF /* PlayerDetailsView.xib */; };
		090302ED20FECE24004EEFCF /* PlayerDetailsView.swift in Sources */ = {isa = PBXBuildFile; fileRef = 090302EC20FECE24004EEFCF /* PlayerDetailsView.swift */; };
		090302EF21011809004EEFCF /* CMTime+Extension.swift in Sources */ = {isa = PBXBuildFile; fileRef = 090302EE21011809004EEFCF /* CMTime+Extension.swift */; };
		090302F121013635004EEFCF /* PodcastSearchingView.xib in Resources */ = {isa = PBXBuildFile; fileRef = 090302F021013635004EEFCF /* PodcastSearchingView.xib */; };
		0905E8F120F90C7E00D1ED41 /* Extension+String.swift in Sources */ = {isa = PBXBuildFile; fileRef = 0905E8F020F90C7E00D1ED41 /* Extension+String.swift */; };
		0905E8F320F90D8400D1ED41 /* RSSFeed+Extension.swift in Sources */ = {isa = PBXBuildFile; fileRef = 0905E8F220F90D8400D1ED41 /* RSSFeed+Extension.swift */; };
		094BE68420E33C5B00A48F47 /* EpisodesController.swift in Sources */ = {isa = PBXBuildFile; fileRef = 094BE68320E33C5B00A48F47 /* EpisodesController.swift */; };
		094BE68620E34A1900A48F47 /* Episode.swift in Sources */ = {isa = PBXBuildFile; fileRef = 094BE68520E34A1900A48F47 /* Episode.swift */; };
		094BE68820E34CA600A48F47 /* EpisodeCell.swift in Sources */ = {isa = PBXBuildFile; fileRef = 094BE68720E34CA600A48F47 /* EpisodeCell.swift */; };
		094BE68A20E34CB100A48F47 /* EpisodeCell.xib in Resources */ = {isa = PBXBuildFile; fileRef = 094BE68920E34CB100A48F47 /* EpisodeCell.xib */; };
		0958C54B20C23C07009E5F0B /* SearchResults.swift in Sources */ = {isa = PBXBuildFile; fileRef = 0958C54A20C23C07009E5F0B /* SearchResults.swift */; };
		0958C54E20C23F20009E5F0B /* APIService.swift in Sources */ = {isa = PBXBuildFile; fileRef = 0958C54D20C23F20009E5F0B /* APIService.swift */; };
		0958C55020C2426B009E5F0B /* PodcastCell.xib in Resources */ = {isa = PBXBuildFile; fileRef = 0958C54F20C2426B009E5F0B /* PodcastCell.xib */; };
		09BD723B20BE5AE40011FEC8 /* AppDelegate.swift in Sources */ = {isa = PBXBuildFile; fileRef = 09BD723A20BE5AE40011FEC8 /* AppDelegate.swift */; };
		09BD724020BE5AE40011FEC8 /* Main.storyboard in Resources */ = {isa = PBXBuildFile; fileRef = 09BD723E20BE5AE40011FEC8 /* Main.storyboard */; };
		09BD724320BE5AE40011FEC8 /* PodcastApp.xcdatamodeld in Sources */ = {isa = PBXBuildFile; fileRef = 09BD724120BE5AE40011FEC8 /* PodcastApp.xcdatamodeld */; };
		09BD724520BE5AE40011FEC8 /* Assets.xcassets in Resources */ = {isa = PBXBuildFile; fileRef = 09BD724420BE5AE40011FEC8 /* Assets.xcassets */; };
		09BD724820BE5AE40011FEC8 /* LaunchScreen.storyboard in Resources */ = {isa = PBXBuildFile; fileRef = 09BD724620BE5AE40011FEC8 /* LaunchScreen.storyboard */; };
		09BD725320BE5AE40011FEC8 /* PodcastAppTests.swift in Sources */ = {isa = PBXBuildFile; fileRef = 09BD725220BE5AE40011FEC8 /* PodcastAppTests.swift */; };
		09BD725E20BE5D210011FEC8 /* MainTabBarController.swift in Sources */ = {isa = PBXBuildFile; fileRef = 09BD725D20BE5D210011FEC8 /* MainTabBarController.swift */; };
		09BD726020BE5E0E0011FEC8 /* FavController.swift in Sources */ = {isa = PBXBuildFile; fileRef = 09BD725F20BE5E0E0011FEC8 /* FavController.swift */; };
		09BD726220BE5EB70011FEC8 /* PodcastsSearchController.swift in Sources */ = {isa = PBXBuildFile; fileRef = 09BD726120BE5EB70011FEC8 /* PodcastsSearchController.swift */; };
		09BD726420BE5FEE0011FEC8 /* DownloadController.swift in Sources */ = {isa = PBXBuildFile; fileRef = 09BD726320BE5FEE0011FEC8 /* DownloadController.swift */; };
		09BD726820BE64CB0011FEC8 /* Podcast.swift in Sources */ = {isa = PBXBuildFile; fileRef = 09BD726720BE64CB0011FEC8 /* Podcast.swift */; };
		09BD726B20BE659F0011FEC8 /* Reusable.swift in Sources */ = {isa = PBXBuildFile; fileRef = 09BD726A20BE659F0011FEC8 /* Reusable.swift */; };
		09BD726D20BE66FC0011FEC8 /* GenericDataSource.swift in Sources */ = {isa = PBXBuildFile; fileRef = 09BD726C20BE66FC0011FEC8 /* GenericDataSource.swift */; };
		09BD727020BE6CB60011FEC8 /* PodcastCell.swift in Sources */ = {isa = PBXBuildFile; fileRef = 09BD726F20BE6CB60011FEC8 /* PodcastCell.swift */; };
		09BD727320BE71800011FEC8 /* Endpoint.swift in Sources */ = {isa = PBXBuildFile; fileRef = 09BD727220BE71800011FEC8 /* Endpoint.swift */; };
		09BD727520BE71B80011FEC8 /* ItunesAttribute.swift in Sources */ = {isa = PBXBuildFile; fileRef = 09BD727420BE71B80011FEC8 /* ItunesAttribute.swift */; };
		09BD727720BE71E30011FEC8 /* ItunesEntity.swift in Sources */ = {isa = PBXBuildFile; fileRef = 09BD727620BE71E30011FEC8 /* ItunesEntity.swift */; };
		09BD727920BE71FB0011FEC8 /* ItunesMedia.swift in Sources */ = {isa = PBXBuildFile; fileRef = 09BD727820BE71FB0011FEC8 /* ItunesMedia.swift */; };
		09BD727B20BE72200011FEC8 /* QueryItemProvider.swift in Sources */ = {isa = PBXBuildFile; fileRef = 09BD727A20BE72200011FEC8 /* QueryItemProvider.swift */; };
		C9C78710115E8199707BD1C9 /* Pods_PodcastApp.framework in Frameworks */ = {isa = PBXBuildFile; fileRef = BF83F27076714F711B0FE5F3 /* Pods_PodcastApp.framework */; };
		E0114719577CB79099707D50 /* Pods_PodcastAppTests.framework in Frameworks */ = {isa = PBXBuildFile; fileRef = D01BC8AEEFDE16ED66548DF8 /* Pods_PodcastAppTests.framework */; };
/* End PBXBuildFile section */

/* Begin PBXContainerItemProxy section */
		09BD724F20BE5AE40011FEC8 /* PBXContainerItemProxy */ = {
			isa = PBXContainerItemProxy;
			containerPortal = 09BD722F20BE5AE40011FEC8 /* Project object */;
			proxyType = 1;
			remoteGlobalIDString = 09BD723620BE5AE40011FEC8;
			remoteInfo = PodcastApp;
		};
/* End PBXContainerItemProxy section */

/* Begin PBXFileReference section */
		090302EA20FECC8C004EEFCF /* PlayerDetailsView.xib */ = {isa = PBXFileReference; lastKnownFileType = file.xib; path = PlayerDetailsView.xib; sourceTree = "<group>"; };
		090302EC20FECE24004EEFCF /* PlayerDetailsView.swift */ = {isa = PBXFileReference; lastKnownFileType = sourcecode.swift; path = PlayerDetailsView.swift; sourceTree = "<group>"; };
		090302EE21011809004EEFCF /* CMTime+Extension.swift */ = {isa = PBXFileReference; lastKnownFileType = sourcecode.swift; path = "CMTime+Extension.swift"; sourceTree = "<group>"; };
		090302F021013635004EEFCF /* PodcastSearchingView.xib */ = {isa = PBXFileReference; lastKnownFileType = file.xib; path = PodcastSearchingView.xib; sourceTree = "<group>"; };
		0905E8F020F90C7E00D1ED41 /* Extension+String.swift */ = {isa = PBXFileReference; lastKnownFileType = sourcecode.swift; path = "Extension+String.swift"; sourceTree = "<group>"; };
		0905E8F220F90D8400D1ED41 /* RSSFeed+Extension.swift */ = {isa = PBXFileReference; lastKnownFileType = sourcecode.swift; path = "RSSFeed+Extension.swift"; sourceTree = "<group>"; };
		094BE68320E33C5B00A48F47 /* EpisodesController.swift */ = {isa = PBXFileReference; lastKnownFileType = sourcecode.swift; path = EpisodesController.swift; sourceTree = "<group>"; };
		094BE68520E34A1900A48F47 /* Episode.swift */ = {isa = PBXFileReference; lastKnownFileType = sourcecode.swift; path = Episode.swift; sourceTree = "<group>"; };
		094BE68720E34CA600A48F47 /* EpisodeCell.swift */ = {isa = PBXFileReference; lastKnownFileType = sourcecode.swift; path = EpisodeCell.swift; sourceTree = "<group>"; };
		094BE68920E34CB100A48F47 /* EpisodeCell.xib */ = {isa = PBXFileReference; lastKnownFileType = file.xib; path = EpisodeCell.xib; sourceTree = "<group>"; };
		0958C54A20C23C07009E5F0B /* SearchResults.swift */ = {isa = PBXFileReference; lastKnownFileType = sourcecode.swift; path = SearchResults.swift; sourceTree = "<group>"; };
		0958C54D20C23F20009E5F0B /* APIService.swift */ = {isa = PBXFileReference; lastKnownFileType = sourcecode.swift; path = APIService.swift; sourceTree = "<group>"; };
		0958C54F20C2426B009E5F0B /* PodcastCell.xib */ = {isa = PBXFileReference; lastKnownFileType = file.xib; path = PodcastCell.xib; sourceTree = "<group>"; };
		09BD723720BE5AE40011FEC8 /* PodcastApp.app */ = {isa = PBXFileReference; explicitFileType = wrapper.application; includeInIndex = 0; path = PodcastApp.app; sourceTree = BUILT_PRODUCTS_DIR; };
		09BD723A20BE5AE40011FEC8 /* AppDelegate.swift */ = {isa = PBXFileReference; lastKnownFileType = sourcecode.swift; path = AppDelegate.swift; sourceTree = "<group>"; };
		09BD723F20BE5AE40011FEC8 /* Base */ = {isa = PBXFileReference; lastKnownFileType = file.storyboard; name = Base; path = Base.lproj/Main.storyboard; sourceTree = "<group>"; };
		09BD724220BE5AE40011FEC8 /* PodcastApp.xcdatamodel */ = {isa = PBXFileReference; lastKnownFileType = wrapper.xcdatamodel; path = PodcastApp.xcdatamodel; sourceTree = "<group>"; };
		09BD724420BE5AE40011FEC8 /* Assets.xcassets */ = {isa = PBXFileReference; lastKnownFileType = folder.assetcatalog; path = Assets.xcassets; sourceTree = "<group>"; };
		09BD724720BE5AE40011FEC8 /* Base */ = {isa = PBXFileReference; lastKnownFileType = file.storyboard; name = Base; path = Base.lproj/LaunchScreen.storyboard; sourceTree = "<group>"; };
		09BD724920BE5AE40011FEC8 /* Info.plist */ = {isa = PBXFileReference; lastKnownFileType = text.plist.xml; path = Info.plist; sourceTree = "<group>"; };
		09BD724E20BE5AE40011FEC8 /* PodcastAppTests.xctest */ = {isa = PBXFileReference; explicitFileType = wrapper.cfbundle; includeInIndex = 0; path = PodcastAppTests.xctest; sourceTree = BUILT_PRODUCTS_DIR; };
		09BD725220BE5AE40011FEC8 /* PodcastAppTests.swift */ = {isa = PBXFileReference; lastKnownFileType = sourcecode.swift; path = PodcastAppTests.swift; sourceTree = "<group>"; };
		09BD725420BE5AE40011FEC8 /* Info.plist */ = {isa = PBXFileReference; lastKnownFileType = text.plist.xml; path = Info.plist; sourceTree = "<group>"; };
		09BD725D20BE5D210011FEC8 /* MainTabBarController.swift */ = {isa = PBXFileReference; lastKnownFileType = sourcecode.swift; path = MainTabBarController.swift; sourceTree = "<group>"; };
		09BD725F20BE5E0E0011FEC8 /* FavController.swift */ = {isa = PBXFileReference; lastKnownFileType = sourcecode.swift; path = FavController.swift; sourceTree = "<group>"; };
		09BD726120BE5EB70011FEC8 /* PodcastsSearchController.swift */ = {isa = PBXFileReference; lastKnownFileType = sourcecode.swift; path = PodcastsSearchController.swift; sourceTree = "<group>"; };
		09BD726320BE5FEE0011FEC8 /* DownloadController.swift */ = {isa = PBXFileReference; lastKnownFileType = sourcecode.swift; path = DownloadController.swift; sourceTree = "<group>"; };
		09BD726720BE64CB0011FEC8 /* Podcast.swift */ = {isa = PBXFileReference; lastKnownFileType = sourcecode.swift; path = Podcast.swift; sourceTree = "<group>"; };
		09BD726A20BE659F0011FEC8 /* Reusable.swift */ = {isa = PBXFileReference; lastKnownFileType = sourcecode.swift; path = Reusable.swift; sourceTree = "<group>"; };
		09BD726C20BE66FC0011FEC8 /* GenericDataSource.swift */ = {isa = PBXFileReference; lastKnownFileType = sourcecode.swift; path = GenericDataSource.swift; sourceTree = "<group>"; };
		09BD726F20BE6CB60011FEC8 /* PodcastCell.swift */ = {isa = PBXFileReference; lastKnownFileType = sourcecode.swift; path = PodcastCell.swift; sourceTree = "<group>"; };
		09BD727220BE71800011FEC8 /* Endpoint.swift */ = {isa = PBXFileReference; lastKnownFileType = sourcecode.swift; path = Endpoint.swift; sourceTree = "<group>"; };
		09BD727420BE71B80011FEC8 /* ItunesAttribute.swift */ = {isa = PBXFileReference; lastKnownFileType = sourcecode.swift; path = ItunesAttribute.swift; sourceTree = "<group>"; };
		09BD727620BE71E30011FEC8 /* ItunesEntity.swift */ = {isa = PBXFileReference; lastKnownFileType = sourcecode.swift; path = ItunesEntity.swift; sourceTree = "<group>"; };
		09BD727820BE71FB0011FEC8 /* ItunesMedia.swift */ = {isa = PBXFileReference; lastKnownFileType = sourcecode.swift; path = ItunesMedia.swift; sourceTree = "<group>"; };
		09BD727A20BE72200011FEC8 /* QueryItemProvider.swift */ = {isa = PBXFileReference; lastKnownFileType = sourcecode.swift; path = QueryItemProvider.swift; sourceTree = "<group>"; };
		7082F16E03441C1B43B28816 /* Pods-PodcastAppTests.release.xcconfig */ = {isa = PBXFileReference; includeInIndex = 1; lastKnownFileType = text.xcconfig; name = "Pods-PodcastAppTests.release.xcconfig"; path = "Pods/Target Support Files/Pods-PodcastAppTests/Pods-PodcastAppTests.release.xcconfig"; sourceTree = "<group>"; };
		830501F799ECE61556D86279 /* Pods-PodcastApp.debug.xcconfig */ = {isa = PBXFileReference; includeInIndex = 1; lastKnownFileType = text.xcconfig; name = "Pods-PodcastApp.debug.xcconfig"; path = "Pods/Target Support Files/Pods-PodcastApp/Pods-PodcastApp.debug.xcconfig"; sourceTree = "<group>"; };
		884B64E3638956A5A7B2BE32 /* Pods-PodcastAppTests.debug.xcconfig */ = {isa = PBXFileReference; includeInIndex = 1; lastKnownFileType = text.xcconfig; name = "Pods-PodcastAppTests.debug.xcconfig"; path = "Pods/Target Support Files/Pods-PodcastAppTests/Pods-PodcastAppTests.debug.xcconfig"; sourceTree = "<group>"; };
		B77A80795C82FBACD35AD33F /* Pods-PodcastApp.release.xcconfig */ = {isa = PBXFileReference; includeInIndex = 1; lastKnownFileType = text.xcconfig; name = "Pods-PodcastApp.release.xcconfig"; path = "Pods/Target Support Files/Pods-PodcastApp/Pods-PodcastApp.release.xcconfig"; sourceTree = "<group>"; };
		BF83F27076714F711B0FE5F3 /* Pods_PodcastApp.framework */ = {isa = PBXFileReference; explicitFileType = wrapper.framework; includeInIndex = 0; path = Pods_PodcastApp.framework; sourceTree = BUILT_PRODUCTS_DIR; };
		D01BC8AEEFDE16ED66548DF8 /* Pods_PodcastAppTests.framework */ = {isa = PBXFileReference; explicitFileType = wrapper.framework; includeInIndex = 0; path = Pods_PodcastAppTests.framework; sourceTree = BUILT_PRODUCTS_DIR; };
/* End PBXFileReference section */

/* Begin PBXFrameworksBuildPhase section */
		09BD723420BE5AE40011FEC8 /* Frameworks */ = {
			isa = PBXFrameworksBuildPhase;
			buildActionMask = 2147483647;
			files = (
				C9C78710115E8199707BD1C9 /* Pods_PodcastApp.framework in Frameworks */,
			);
			runOnlyForDeploymentPostprocessing = 0;
		};
		09BD724B20BE5AE40011FEC8 /* Frameworks */ = {
			isa = PBXFrameworksBuildPhase;
			buildActionMask = 2147483647;
			files = (
				E0114719577CB79099707D50 /* Pods_PodcastAppTests.framework in Frameworks */,
			);
			runOnlyForDeploymentPostprocessing = 0;
		};
/* End PBXFrameworksBuildPhase section */

/* Begin PBXGroup section */
		0905E8EF20F90C6A00D1ED41 /* Extensions */ = {
			isa = PBXGroup;
			children = (
				0905E8F020F90C7E00D1ED41 /* Extension+String.swift */,
				0905E8F220F90D8400D1ED41 /* RSSFeed+Extension.swift */,
				090302EE21011809004EEFCF /* CMTime+Extension.swift */,
			);
			path = Extensions;
			sourceTree = "<group>";
		};
		0958C54C20C23F13009E5F0B /* API */ = {
			isa = PBXGroup;
			children = (
				0958C54D20C23F20009E5F0B /* APIService.swift */,
			);
			path = API;
			sourceTree = "<group>";
		};
		09BD722E20BE5AE40011FEC8 = {
			isa = PBXGroup;
			children = (
				09BD723920BE5AE40011FEC8 /* PodcastApp */,
				09BD725120BE5AE40011FEC8 /* PodcastAppTests */,
				09BD723820BE5AE40011FEC8 /* Products */,
				0C50B00F6884DA2DB5E6EBAF /* Pods */,
				E4DAC55713DF83E460393AFF /* Frameworks */,
			);
			sourceTree = "<group>";
		};
		09BD723820BE5AE40011FEC8 /* Products */ = {
			isa = PBXGroup;
			children = (
				09BD723720BE5AE40011FEC8 /* PodcastApp.app */,
				09BD724E20BE5AE40011FEC8 /* PodcastAppTests.xctest */,
			);
			name = Products;
			sourceTree = "<group>";
		};
		09BD723920BE5AE40011FEC8 /* PodcastApp */ = {
			isa = PBXGroup;
			children = (
				0905E8EF20F90C6A00D1ED41 /* Extensions */,
				0958C54C20C23F13009E5F0B /* API */,
				09BD723A20BE5AE40011FEC8 /* AppDelegate.swift */,
				09BD727120BE71560011FEC8 /* Networking */,
				09BD726920BE65930011FEC8 /* protocols */,
				09BD726620BE64B80011FEC8 /* Model */,
				09BD726E20BE6CA60011FEC8 /* View */,
				09BD726520BE63D50011FEC8 /* Controllers */,
				09BD723E20BE5AE40011FEC8 /* Main.storyboard */,
				09BD724420BE5AE40011FEC8 /* Assets.xcassets */,
				09BD724620BE5AE40011FEC8 /* LaunchScreen.storyboard */,
				09BD724920BE5AE40011FEC8 /* Info.plist */,
				09BD724120BE5AE40011FEC8 /* PodcastApp.xcdatamodeld */,
			);
			path = PodcastApp;
			sourceTree = "<group>";
		};
		09BD725120BE5AE40011FEC8 /* PodcastAppTests */ = {
			isa = PBXGroup;
			children = (
				09BD725220BE5AE40011FEC8 /* PodcastAppTests.swift */,
				09BD725420BE5AE40011FEC8 /* Info.plist */,
			);
			path = PodcastAppTests;
			sourceTree = "<group>";
		};
		09BD726520BE63D50011FEC8 /* Controllers */ = {
			isa = PBXGroup;
			children = (
				09BD725D20BE5D210011FEC8 /* MainTabBarController.swift */,
				09BD726120BE5EB70011FEC8 /* PodcastsSearchController.swift */,
				09BD725F20BE5E0E0011FEC8 /* FavController.swift */,
				09BD726320BE5FEE0011FEC8 /* DownloadController.swift */,
				094BE68320E33C5B00A48F47 /* EpisodesController.swift */,
			);
			path = Controllers;
			sourceTree = "<group>";
		};
		09BD726620BE64B80011FEC8 /* Model */ = {
			isa = PBXGroup;
			children = (
				09BD726720BE64CB0011FEC8 /* Podcast.swift */,
				09BD726C20BE66FC0011FEC8 /* GenericDataSource.swift */,
				0958C54A20C23C07009E5F0B /* SearchResults.swift */,
				094BE68520E34A1900A48F47 /* Episode.swift */,
			);
			path = Model;
			sourceTree = "<group>";
		};
		09BD726920BE65930011FEC8 /* protocols */ = {
			isa = PBXGroup;
			children = (
				09BD726A20BE659F0011FEC8 /* Reusable.swift */,
			);
			path = protocols;
			sourceTree = "<group>";
		};
		09BD726E20BE6CA60011FEC8 /* View */ = {
			isa = PBXGroup;
			children = (
				09BD726F20BE6CB60011FEC8 /* PodcastCell.swift */,
				0958C54F20C2426B009E5F0B /* PodcastCell.xib */,
				094BE68720E34CA600A48F47 /* EpisodeCell.swift */,
				094BE68920E34CB100A48F47 /* EpisodeCell.xib */,
				090302EA20FECC8C004EEFCF /* PlayerDetailsView.xib */,
				090302EC20FECE24004EEFCF /* PlayerDetailsView.swift */,
				090302F021013635004EEFCF /* PodcastSearchingView.xib */,
			);
			path = View;
			sourceTree = "<group>";
		};
		09BD727120BE71560011FEC8 /* Networking */ = {
			isa = PBXGroup;
			children = (
				09BD727220BE71800011FEC8 /* Endpoint.swift */,
				09BD727420BE71B80011FEC8 /* ItunesAttribute.swift */,
				09BD727620BE71E30011FEC8 /* ItunesEntity.swift */,
				09BD727820BE71FB0011FEC8 /* ItunesMedia.swift */,
				09BD727A20BE72200011FEC8 /* QueryItemProvider.swift */,
			);
			path = Networking;
			sourceTree = "<group>";
		};
		0C50B00F6884DA2DB5E6EBAF /* Pods */ = {
			isa = PBXGroup;
			children = (
				830501F799ECE61556D86279 /* Pods-PodcastApp.debug.xcconfig */,
				B77A80795C82FBACD35AD33F /* Pods-PodcastApp.release.xcconfig */,
				884B64E3638956A5A7B2BE32 /* Pods-PodcastAppTests.debug.xcconfig */,
				7082F16E03441C1B43B28816 /* Pods-PodcastAppTests.release.xcconfig */,
			);
			name = Pods;
			sourceTree = "<group>";
		};
		E4DAC55713DF83E460393AFF /* Frameworks */ = {
			isa = PBXGroup;
			children = (
				BF83F27076714F711B0FE5F3 /* Pods_PodcastApp.framework */,
				D01BC8AEEFDE16ED66548DF8 /* Pods_PodcastAppTests.framework */,
			);
			name = Frameworks;
			sourceTree = "<group>";
		};
/* End PBXGroup section */

/* Begin PBXNativeTarget section */
		09BD723620BE5AE40011FEC8 /* PodcastApp */ = {
			isa = PBXNativeTarget;
			buildConfigurationList = 09BD725720BE5AE40011FEC8 /* Build configuration list for PBXNativeTarget "PodcastApp" */;
			buildPhases = (
				CB7CFA67DF140A689B4F2B53 /* [CP] Check Pods Manifest.lock */,
				09BD723320BE5AE40011FEC8 /* Sources */,
				09BD723420BE5AE40011FEC8 /* Frameworks */,
				09BD723520BE5AE40011FEC8 /* Resources */,
				5B2CC515642A9FDFF74DF349 /* [CP] Embed Pods Frameworks */,
				30E948A3DD6D1506592B0C9B /* [CP] Copy Pods Resources */,
			);
			buildRules = (
			);
			dependencies = (
			);
			name = PodcastApp;
			productName = PodcastApp;
			productReference = 09BD723720BE5AE40011FEC8 /* PodcastApp.app */;
			productType = "com.apple.product-type.application";
		};
		09BD724D20BE5AE40011FEC8 /* PodcastAppTests */ = {
			isa = PBXNativeTarget;
			buildConfigurationList = 09BD725A20BE5AE40011FEC8 /* Build configuration list for PBXNativeTarget "PodcastAppTests" */;
			buildPhases = (
				ABE09F4287F7993AADC3256B /* [CP] Check Pods Manifest.lock */,
				09BD724A20BE5AE40011FEC8 /* Sources */,
				09BD724B20BE5AE40011FEC8 /* Frameworks */,
				09BD724C20BE5AE40011FEC8 /* Resources */,
				54EDFDE744FEA644A15C25F9 /* [CP] Embed Pods Frameworks */,
				2FD8A6BF4631AC8F999937B7 /* [CP] Copy Pods Resources */,
			);
			buildRules = (
			);
			dependencies = (
				09BD725020BE5AE40011FEC8 /* PBXTargetDependency */,
			);
			name = PodcastAppTests;
			productName = PodcastAppTests;
			productReference = 09BD724E20BE5AE40011FEC8 /* PodcastAppTests.xctest */;
			productType = "com.apple.product-type.bundle.unit-test";
		};
/* End PBXNativeTarget section */

/* Begin PBXProject section */
		09BD722F20BE5AE40011FEC8 /* Project object */ = {
			isa = PBXProject;
			attributes = {
				LastSwiftUpdateCheck = 0920;
				LastUpgradeCheck = 0920;
				ORGANIZATIONNAME = "James Rochabrun";
				TargetAttributes = {
					09BD723620BE5AE40011FEC8 = {
						CreatedOnToolsVersion = 9.2;
						ProvisioningStyle = Automatic;
					};
					09BD724D20BE5AE40011FEC8 = {
						CreatedOnToolsVersion = 9.2;
						ProvisioningStyle = Automatic;
						TestTargetID = 09BD723620BE5AE40011FEC8;
					};
				};
			};
			buildConfigurationList = 09BD723220BE5AE40011FEC8 /* Build configuration list for PBXProject "PodcastApp" */;
			compatibilityVersion = "Xcode 8.0";
			developmentRegion = en;
			hasScannedForEncodings = 0;
			knownRegions = (
				en,
				Base,
			);
			mainGroup = 09BD722E20BE5AE40011FEC8;
			productRefGroup = 09BD723820BE5AE40011FEC8 /* Products */;
			projectDirPath = "";
			projectRoot = "";
			targets = (
				09BD723620BE5AE40011FEC8 /* PodcastApp */,
				09BD724D20BE5AE40011FEC8 /* PodcastAppTests */,
			);
		};
/* End PBXProject section */

/* Begin PBXResourcesBuildPhase section */
		09BD723520BE5AE40011FEC8 /* Resources */ = {
			isa = PBXResourcesBuildPhase;
			buildActionMask = 2147483647;
			files = (
				090302EB20FECC8C004EEFCF /* PlayerDetailsView.xib in Resources */,
				09BD724820BE5AE40011FEC8 /* LaunchScreen.storyboard in Resources */,
				09BD724520BE5AE40011FEC8 /* Assets.xcassets in Resources */,
				094BE68A20E34CB100A48F47 /* EpisodeCell.xib in Resources */,
				0958C55020C2426B009E5F0B /* PodcastCell.xib in Resources */,
				090302F121013635004EEFCF /* PodcastSearchingView.xib in Resources */,
				09BD724020BE5AE40011FEC8 /* Main.storyboard in Resources */,
			);
			runOnlyForDeploymentPostprocessing = 0;
		};
		09BD724C20BE5AE40011FEC8 /* Resources */ = {
			isa = PBXResourcesBuildPhase;
			buildActionMask = 2147483647;
			files = (
			);
			runOnlyForDeploymentPostprocessing = 0;
		};
/* End PBXResourcesBuildPhase section */

/* Begin PBXShellScriptBuildPhase section */
		2FD8A6BF4631AC8F999937B7 /* [CP] Copy Pods Resources */ = {
			isa = PBXShellScriptBuildPhase;
			buildActionMask = 2147483647;
			files = (
			);
			inputPaths = (
			);
			name = "[CP] Copy Pods Resources";
			outputPaths = (
			);
			runOnlyForDeploymentPostprocessing = 0;
			shellPath = /bin/sh;
			shellScript = "\"${SRCROOT}/Pods/Target Support Files/Pods-PodcastAppTests/Pods-PodcastAppTests-resources.sh\"\n";
			showEnvVarsInLog = 0;
		};
		30E948A3DD6D1506592B0C9B /* [CP] Copy Pods Resources */ = {
			isa = PBXShellScriptBuildPhase;
			buildActionMask = 2147483647;
			files = (
			);
			inputPaths = (
			);
			name = "[CP] Copy Pods Resources";
			outputPaths = (
			);
			runOnlyForDeploymentPostprocessing = 0;
			shellPath = /bin/sh;
			shellScript = "\"${SRCROOT}/Pods/Target Support Files/Pods-PodcastApp/Pods-PodcastApp-resources.sh\"\n";
			showEnvVarsInLog = 0;
		};
		54EDFDE744FEA644A15C25F9 /* [CP] Embed Pods Frameworks */ = {
			isa = PBXShellScriptBuildPhase;
			buildActionMask = 2147483647;
			files = (
			);
			inputPaths = (
			);
			name = "[CP] Embed Pods Frameworks";
			outputPaths = (
			);
			runOnlyForDeploymentPostprocessing = 0;
			shellPath = /bin/sh;
			shellScript = "\"${SRCROOT}/Pods/Target Support Files/Pods-PodcastAppTests/Pods-PodcastAppTests-frameworks.sh\"\n";
			showEnvVarsInLog = 0;
		};
		5B2CC515642A9FDFF74DF349 /* [CP] Embed Pods Frameworks */ = {
			isa = PBXShellScriptBuildPhase;
			buildActionMask = 2147483647;
			files = (
			);
			inputPaths = (
				"${SRCROOT}/Pods/Target Support Files/Pods-PodcastApp/Pods-PodcastApp-frameworks.sh",
				"${BUILT_PRODUCTS_DIR}/Alamofire/Alamofire.framework",
				"${BUILT_PRODUCTS_DIR}/FeedKit/FeedKit.framework",
				"${BUILT_PRODUCTS_DIR}/SDWebImage/SDWebImage.framework",
			);
			name = "[CP] Embed Pods Frameworks";
			outputPaths = (
				"${TARGET_BUILD_DIR}/${FRAMEWORKS_FOLDER_PATH}/Alamofire.framework",
				"${TARGET_BUILD_DIR}/${FRAMEWORKS_FOLDER_PATH}/FeedKit.framework",
				"${TARGET_BUILD_DIR}/${FRAMEWORKS_FOLDER_PATH}/SDWebImage.framework",
			);
			runOnlyForDeploymentPostprocessing = 0;
			shellPath = /bin/sh;
			shellScript = "\"${SRCROOT}/Pods/Target Support Files/Pods-PodcastApp/Pods-PodcastApp-frameworks.sh\"\n";
			showEnvVarsInLog = 0;
		};
		ABE09F4287F7993AADC3256B /* [CP] Check Pods Manifest.lock */ = {
			isa = PBXShellScriptBuildPhase;
			buildActionMask = 2147483647;
			files = (
			);
			inputPaths = (
				"${PODS_PODFILE_DIR_PATH}/Podfile.lock",
				"${PODS_ROOT}/Manifest.lock",
			);
			name = "[CP] Check Pods Manifest.lock";
			outputPaths = (
				"$(DERIVED_FILE_DIR)/Pods-PodcastAppTests-checkManifestLockResult.txt",
			);
			runOnlyForDeploymentPostprocessing = 0;
			shellPath = /bin/sh;
			shellScript = "diff \"${PODS_PODFILE_DIR_PATH}/Podfile.lock\" \"${PODS_ROOT}/Manifest.lock\" > /dev/null\nif [ $? != 0 ] ; then\n    # print error to STDERR\n    echo \"error: The sandbox is not in sync with the Podfile.lock. Run 'pod install' or update your CocoaPods installation.\" >&2\n    exit 1\nfi\n# This output is used by Xcode 'outputs' to avoid re-running this script phase.\necho \"SUCCESS\" > \"${SCRIPT_OUTPUT_FILE_0}\"\n";
			showEnvVarsInLog = 0;
		};
		CB7CFA67DF140A689B4F2B53 /* [CP] Check Pods Manifest.lock */ = {
			isa = PBXShellScriptBuildPhase;
			buildActionMask = 2147483647;
			files = (
			);
			inputPaths = (
				"${PODS_PODFILE_DIR_PATH}/Podfile.lock",
				"${PODS_ROOT}/Manifest.lock",
			);
			name = "[CP] Check Pods Manifest.lock";
			outputPaths = (
				"$(DERIVED_FILE_DIR)/Pods-PodcastApp-checkManifestLockResult.txt",
			);
			runOnlyForDeploymentPostprocessing = 0;
			shellPath = /bin/sh;
			shellScript = "diff \"${PODS_PODFILE_DIR_PATH}/Podfile.lock\" \"${PODS_ROOT}/Manifest.lock\" > /dev/null\nif [ $? != 0 ] ; then\n    # print error to STDERR\n    echo \"error: The sandbox is not in sync with the Podfile.lock. Run 'pod install' or update your CocoaPods installation.\" >&2\n    exit 1\nfi\n# This output is used by Xcode 'outputs' to avoid re-running this script phase.\necho \"SUCCESS\" > \"${SCRIPT_OUTPUT_FILE_0}\"\n";
			showEnvVarsInLog = 0;
		};
/* End PBXShellScriptBuildPhase section */

/* Begin PBXSourcesBuildPhase section */
		09BD723320BE5AE40011FEC8 /* Sources */ = {
			isa = PBXSourcesBuildPhase;
			buildActionMask = 2147483647;
			files = (
				0958C54E20C23F20009E5F0B /* APIService.swift in Sources */,
				094BE68620E34A1900A48F47 /* Episode.swift in Sources */,
				0905E8F320F90D8400D1ED41 /* RSSFeed+Extension.swift in Sources */,
				09BD727B20BE72200011FEC8 /* QueryItemProvider.swift in Sources */,
				09BD724320BE5AE40011FEC8 /* PodcastApp.xcdatamodeld in Sources */,
				09BD726820BE64CB0011FEC8 /* Podcast.swift in Sources */,
				094BE68820E34CA600A48F47 /* EpisodeCell.swift in Sources */,
				09BD727720BE71E30011FEC8 /* ItunesEntity.swift in Sources */,
				09BD727020BE6CB60011FEC8 /* PodcastCell.swift in Sources */,
				0905E8F120F90C7E00D1ED41 /* Extension+String.swift in Sources */,
				09BD726220BE5EB70011FEC8 /* PodcastsSearchController.swift in Sources */,
				0958C54B20C23C07009E5F0B /* SearchResults.swift in Sources */,
				09BD727520BE71B80011FEC8 /* ItunesAttribute.swift in Sources */,
				09BD725E20BE5D210011FEC8 /* MainTabBarController.swift in Sources */,
				09BD726B20BE659F0011FEC8 /* Reusable.swift in Sources */,
				09BD727920BE71FB0011FEC8 /* ItunesMedia.swift in Sources */,
				090302EF21011809004EEFCF /* CMTime+Extension.swift in Sources */,
				090302ED20FECE24004EEFCF /* PlayerDetailsView.swift in Sources */,
				09BD726420BE5FEE0011FEC8 /* DownloadController.swift in Sources */,
				09BD723B20BE5AE40011FEC8 /* AppDelegate.swift in Sources */,
				09BD726020BE5E0E0011FEC8 /* FavController.swift in Sources */,
				09BD727320BE71800011FEC8 /* Endpoint.swift in Sources */,
				09BD726D20BE66FC0011FEC8 /* GenericDataSource.swift in Sources */,
				094BE68420E33C5B00A48F47 /* EpisodesController.swift in Sources */,
			);
			runOnlyForDeploymentPostprocessing = 0;
		};
		09BD724A20BE5AE40011FEC8 /* Sources */ = {
			isa = PBXSourcesBuildPhase;
			buildActionMask = 2147483647;
			files = (
				09BD725320BE5AE40011FEC8 /* PodcastAppTests.swift in Sources */,
			);
			runOnlyForDeploymentPostprocessing = 0;
		};
/* End PBXSourcesBuildPhase section */

/* Begin PBXTargetDependency section */
		09BD725020BE5AE40011FEC8 /* PBXTargetDependency */ = {
			isa = PBXTargetDependency;
			target = 09BD723620BE5AE40011FEC8 /* PodcastApp */;
			targetProxy = 09BD724F20BE5AE40011FEC8 /* PBXContainerItemProxy */;
		};
/* End PBXTargetDependency section */

/* Begin PBXVariantGroup section */
		09BD723E20BE5AE40011FEC8 /* Main.storyboard */ = {
			isa = PBXVariantGroup;
			children = (
				09BD723F20BE5AE40011FEC8 /* Base */,
			);
			name = Main.storyboard;
			sourceTree = "<group>";
		};
		09BD724620BE5AE40011FEC8 /* LaunchScreen.storyboard */ = {
			isa = PBXVariantGroup;
			children = (
				09BD724720BE5AE40011FEC8 /* Base */,
			);
			name = LaunchScreen.storyboard;
			sourceTree = "<group>";
		};
/* End PBXVariantGroup section */

/* Begin XCBuildConfiguration section */
		09BD725520BE5AE40011FEC8 /* Debug */ = {
			isa = XCBuildConfiguration;
			buildSettings = {
				ALWAYS_SEARCH_USER_PATHS = NO;
				CLANG_ANALYZER_NONNULL = YES;
				CLANG_ANALYZER_NUMBER_OBJECT_CONVERSION = YES_AGGRESSIVE;
				CLANG_CXX_LANGUAGE_STANDARD = "gnu++14";
				CLANG_CXX_LIBRARY = "libc++";
				CLANG_ENABLE_MODULES = YES;
				CLANG_ENABLE_OBJC_ARC = YES;
				CLANG_WARN_BLOCK_CAPTURE_AUTORELEASING = YES;
				CLANG_WARN_BOOL_CONVERSION = YES;
				CLANG_WARN_COMMA = YES;
				CLANG_WARN_CONSTANT_CONVERSION = YES;
				CLANG_WARN_DIRECT_OBJC_ISA_USAGE = YES_ERROR;
				CLANG_WARN_DOCUMENTATION_COMMENTS = YES;
				CLANG_WARN_EMPTY_BODY = YES;
				CLANG_WARN_ENUM_CONVERSION = YES;
				CLANG_WARN_INFINITE_RECURSION = YES;
				CLANG_WARN_INT_CONVERSION = YES;
				CLANG_WARN_NON_LITERAL_NULL_CONVERSION = YES;
				CLANG_WARN_OBJC_LITERAL_CONVERSION = YES;
				CLANG_WARN_OBJC_ROOT_CLASS = YES_ERROR;
				CLANG_WARN_RANGE_LOOP_ANALYSIS = YES;
				CLANG_WARN_STRICT_PROTOTYPES = YES;
				CLANG_WARN_SUSPICIOUS_MOVE = YES;
				CLANG_WARN_UNGUARDED_AVAILABILITY = YES_AGGRESSIVE;
				CLANG_WARN_UNREACHABLE_CODE = YES;
				CLANG_WARN__DUPLICATE_METHOD_MATCH = YES;
				CODE_SIGN_IDENTITY = "iPhone Developer";
				COPY_PHASE_STRIP = NO;
				DEBUG_INFORMATION_FORMAT = dwarf;
				ENABLE_STRICT_OBJC_MSGSEND = YES;
				ENABLE_TESTABILITY = YES;
				GCC_C_LANGUAGE_STANDARD = gnu11;
				GCC_DYNAMIC_NO_PIC = NO;
				GCC_NO_COMMON_BLOCKS = YES;
				GCC_OPTIMIZATION_LEVEL = 0;
				GCC_PREPROCESSOR_DEFINITIONS = (
					"DEBUG=1",
					"$(inherited)",
				);
				GCC_WARN_64_TO_32_BIT_CONVERSION = YES;
				GCC_WARN_ABOUT_RETURN_TYPE = YES_ERROR;
				GCC_WARN_UNDECLARED_SELECTOR = YES;
				GCC_WARN_UNINITIALIZED_AUTOS = YES_AGGRESSIVE;
				GCC_WARN_UNUSED_FUNCTION = YES;
				GCC_WARN_UNUSED_VARIABLE = YES;
				IPHONEOS_DEPLOYMENT_TARGET = 11.2;
				MTL_ENABLE_DEBUG_INFO = YES;
				ONLY_ACTIVE_ARCH = YES;
				SDKROOT = iphoneos;
				SWIFT_ACTIVE_COMPILATION_CONDITIONS = DEBUG;
				SWIFT_OPTIMIZATION_LEVEL = "-Onone";
			};
			name = Debug;
		};
		09BD725620BE5AE40011FEC8 /* Release */ = {
			isa = XCBuildConfiguration;
			buildSettings = {
				ALWAYS_SEARCH_USER_PATHS = NO;
				CLANG_ANALYZER_NONNULL = YES;
				CLANG_ANALYZER_NUMBER_OBJECT_CONVERSION = YES_AGGRESSIVE;
				CLANG_CXX_LANGUAGE_STANDARD = "gnu++14";
				CLANG_CXX_LIBRARY = "libc++";
				CLANG_ENABLE_MODULES = YES;
				CLANG_ENABLE_OBJC_ARC = YES;
				CLANG_WARN_BLOCK_CAPTURE_AUTORELEASING = YES;
				CLANG_WARN_BOOL_CONVERSION = YES;
				CLANG_WARN_COMMA = YES;
				CLANG_WARN_CONSTANT_CONVERSION = YES;
				CLANG_WARN_DIRECT_OBJC_ISA_USAGE = YES_ERROR;
				CLANG_WARN_DOCUMENTATION_COMMENTS = YES;
				CLANG_WARN_EMPTY_BODY = YES;
				CLANG_WARN_ENUM_CONVERSION = YES;
				CLANG_WARN_INFINITE_RECURSION = YES;
				CLANG_WARN_INT_CONVERSION = YES;
				CLANG_WARN_NON_LITERAL_NULL_CONVERSION = YES;
				CLANG_WARN_OBJC_LITERAL_CONVERSION = YES;
				CLANG_WARN_OBJC_ROOT_CLASS = YES_ERROR;
				CLANG_WARN_RANGE_LOOP_ANALYSIS = YES;
				CLANG_WARN_STRICT_PROTOTYPES = YES;
				CLANG_WARN_SUSPICIOUS_MOVE = YES;
				CLANG_WARN_UNGUARDED_AVAILABILITY = YES_AGGRESSIVE;
				CLANG_WARN_UNREACHABLE_CODE = YES;
				CLANG_WARN__DUPLICATE_METHOD_MATCH = YES;
				CODE_SIGN_IDENTITY = "iPhone Developer";
				COPY_PHASE_STRIP = NO;
				DEBUG_INFORMATION_FORMAT = "dwarf-with-dsym";
				ENABLE_NS_ASSERTIONS = NO;
				ENABLE_STRICT_OBJC_MSGSEND = YES;
				GCC_C_LANGUAGE_STANDARD = gnu11;
				GCC_NO_COMMON_BLOCKS = YES;
				GCC_WARN_64_TO_32_BIT_CONVERSION = YES;
				GCC_WARN_ABOUT_RETURN_TYPE = YES_ERROR;
				GCC_WARN_UNDECLARED_SELECTOR = YES;
				GCC_WARN_UNINITIALIZED_AUTOS = YES_AGGRESSIVE;
				GCC_WARN_UNUSED_FUNCTION = YES;
				GCC_WARN_UNUSED_VARIABLE = YES;
				IPHONEOS_DEPLOYMENT_TARGET = 11.2;
				MTL_ENABLE_DEBUG_INFO = NO;
				SDKROOT = iphoneos;
				SWIFT_OPTIMIZATION_LEVEL = "-Owholemodule";
				VALIDATE_PRODUCT = YES;
			};
			name = Release;
		};
		09BD725820BE5AE40011FEC8 /* Debug */ = {
			isa = XCBuildConfiguration;
			baseConfigurationReference = 830501F799ECE61556D86279 /* Pods-PodcastApp.debug.xcconfig */;
			buildSettings = {
				ASSETCATALOG_COMPILER_APPICON_NAME = AppIcon;
				CODE_SIGN_STYLE = Automatic;
				DEVELOPMENT_TEAM = CQ45U4X9K3;
				INFOPLIST_FILE = PodcastApp/Info.plist;
				LD_RUNPATH_SEARCH_PATHS = "$(inherited) @executable_path/Frameworks";
				PRODUCT_BUNDLE_IDENTIFIER = com.swiftlintappexample.PodcastApp;
				PRODUCT_NAME = "$(TARGET_NAME)";
				SWIFT_VERSION = 4.0;
				TARGETED_DEVICE_FAMILY = "1,2";
			};
			name = Debug;
		};
		09BD725920BE5AE40011FEC8 /* Release */ = {
			isa = XCBuildConfiguration;
			baseConfigurationReference = B77A80795C82FBACD35AD33F /* Pods-PodcastApp.release.xcconfig */;
			buildSettings = {
				ASSETCATALOG_COMPILER_APPICON_NAME = AppIcon;
				CODE_SIGN_STYLE = Automatic;
				DEVELOPMENT_TEAM = CQ45U4X9K3;
				INFOPLIST_FILE = PodcastApp/Info.plist;
				LD_RUNPATH_SEARCH_PATHS = "$(inherited) @executable_path/Frameworks";
				PRODUCT_BUNDLE_IDENTIFIER = com.swiftlintappexample.PodcastApp;
				PRODUCT_NAME = "$(TARGET_NAME)";
				SWIFT_VERSION = 4.0;
				TARGETED_DEVICE_FAMILY = "1,2";
			};
			name = Release;
		};
		09BD725B20BE5AE40011FEC8 /* Debug */ = {
			isa = XCBuildConfiguration;
			baseConfigurationReference = 884B64E3638956A5A7B2BE32 /* Pods-PodcastAppTests.debug.xcconfig */;
			buildSettings = {
				ALWAYS_EMBED_SWIFT_STANDARD_LIBRARIES = YES;
				BUNDLE_LOADER = "$(TEST_HOST)";
				CODE_SIGN_STYLE = Automatic;
				DEVELOPMENT_TEAM = CQ45U4X9K3;
				INFOPLIST_FILE = PodcastAppTests/Info.plist;
				LD_RUNPATH_SEARCH_PATHS = "$(inherited) @executable_path/Frameworks @loader_path/Frameworks";
				PRODUCT_BUNDLE_IDENTIFIER = com.swiftlintappexample.PodcastAppTests;
				PRODUCT_NAME = "$(TARGET_NAME)";
				SWIFT_VERSION = 4.0;
				TARGETED_DEVICE_FAMILY = "1,2";
				TEST_HOST = "$(BUILT_PRODUCTS_DIR)/PodcastApp.app/PodcastApp";
			};
			name = Debug;
		};
		09BD725C20BE5AE40011FEC8 /* Release */ = {
			isa = XCBuildConfiguration;
			baseConfigurationReference = 7082F16E03441C1B43B28816 /* Pods-PodcastAppTests.release.xcconfig */;
			buildSettings = {
				ALWAYS_EMBED_SWIFT_STANDARD_LIBRARIES = YES;
				BUNDLE_LOADER = "$(TEST_HOST)";
				CODE_SIGN_STYLE = Automatic;
				DEVELOPMENT_TEAM = CQ45U4X9K3;
				INFOPLIST_FILE = PodcastAppTests/Info.plist;
				LD_RUNPATH_SEARCH_PATHS = "$(inherited) @executable_path/Frameworks @loader_path/Frameworks";
				PRODUCT_BUNDLE_IDENTIFIER = com.swiftlintappexample.PodcastAppTests;
				PRODUCT_NAME = "$(TARGET_NAME)";
				SWIFT_VERSION = 4.0;
				TARGETED_DEVICE_FAMILY = "1,2";
				TEST_HOST = "$(BUILT_PRODUCTS_DIR)/PodcastApp.app/PodcastApp";
			};
			name = Release;
		};
/* End XCBuildConfiguration section */

/* Begin XCConfigurationList section */
		09BD723220BE5AE40011FEC8 /* Build configuration list for PBXProject "PodcastApp" */ = {
			isa = XCConfigurationList;
			buildConfigurations = (
				09BD725520BE5AE40011FEC8 /* Debug */,
				09BD725620BE5AE40011FEC8 /* Release */,
			);
			defaultConfigurationIsVisible = 0;
			defaultConfigurationName = Release;
		};
		09BD725720BE5AE40011FEC8 /* Build configuration list for PBXNativeTarget "PodcastApp" */ = {
			isa = XCConfigurationList;
			buildConfigurations = (
				09BD725820BE5AE40011FEC8 /* Debug */,
				09BD725920BE5AE40011FEC8 /* Release */,
			);
			defaultConfigurationIsVisible = 0;
			defaultConfigurationName = Release;
		};
		09BD725A20BE5AE40011FEC8 /* Build configuration list for PBXNativeTarget "PodcastAppTests" */ = {
			isa = XCConfigurationList;
			buildConfigurations = (
				09BD725B20BE5AE40011FEC8 /* Debug */,
				09BD725C20BE5AE40011FEC8 /* Release */,
			);
			defaultConfigurationIsVisible = 0;
			defaultConfigurationName = Release;
		};
/* End XCConfigurationList section */

/* Begin XCVersionGroup section */
		09BD724120BE5AE40011FEC8 /* PodcastApp.xcdatamodeld */ = {
			isa = XCVersionGroup;
			children = (
				09BD724220BE5AE40011FEC8 /* PodcastApp.xcdatamodel */,
			);
			currentVersion = 09BD724220BE5AE40011FEC8 /* PodcastApp.xcdatamodel */;
			path = PodcastApp.xcdatamodeld;
			sourceTree = "<group>";
			versionGroupType = wrapper.xcdatamodel;
		};
/* End XCVersionGroup section */
	};
	rootObject = 09BD722F20BE5AE40011FEC8 /* Project object */;
}
